
Microsoft Visual Studio Solution File, Format Version 12.00
# Visual Studio Version 17
VisualStudioVersion = 17.11.35219.272
MinimumVisualStudioVersion = 10.0.40219.1
Project("{FAE04EC0-301F-11D3-BF4B-00C04F79EFBC}") = "SimpleCalculator", "SimpleCalculator.csproj", "{59A72F5B-AF9D-44D0-B286-27038B02013E}"
EndProject
Global
	GlobalSection(SolutionConfigurationPlatforms) = preSolution
		Debug|Any CPU = Debug|Any CPU
		Release|Any CPU = Release|Any CPU
	EndGlobalSection
	GlobalSection(ProjectConfigurationPlatforms) = postSolution
		{59A72F5B-AF9D-44D0-B286-27038B02013E}.Debug|Any CPU.ActiveCfg = Debug|Any CPU
		{59A72F5B-AF9D-44D0-B286-27038B02013E}.Debug|Any CPU.Build.0 = Debug|Any CPU
		{59A72F5B-AF9D-44D0-B286-27038B02013E}.Release|Any CPU.ActiveCfg = Release|Any CPU
		{59A72F5B-AF9D-44D0-B286-27038B02013E}.Release|Any CPU.Build.0 = Release|Any CPU
	EndGlobalSection
	GlobalSection(SolutionProperties) = preSolution
		HideSolutionNode = FALSE
	EndGlobalSection
	GlobalSection(ExtensibilityGlobals) = postSolution
		SolutionGuid = {367F428A-EA5D-4F67-9471-EB54AC3C0F43}
	EndGlobalSection
EndGlobal
